PODS:
  - Alamofire (4.6.0)
  - SwiftProtobuf (1.0.0)

DEPENDENCIES:
  - Alamofire (~> 4.6)
  - SwiftProtobuf (~> 1.0)

SPEC CHECKSUMS:
  Alamofire: f41a599bd63041760b26d393ec1069d9d7b917f4
  SwiftProtobuf: 1e1e11595316724935ffe16c18ed79363a8808ac

PODFILE CHECKSUM: 3994911bf45d5f0587f999ee952283fbdf33e8fe

COCOAPODS: 1.3.1
