// !$*UTF8*$!
{
	archiveVersion = 1;
	classes = {
	};
	objectVersion = 46;
	objects = {

/* Begin PBXBuildFile section */
		8289D429F8D9920E2EFD5F22 /* Pods_ProtoBuf_Client.framework in Frameworks */ = {isa = PBXBuildFile; fileRef = F5E32A2135A72E7F32779E47 /* Pods_ProtoBuf_Client.framework */; };
		9297EA8B1FD592730047ECA7 /* AppDelegate.swift in Sources */ = {isa = PBXBuildFile; fileRef = 9297EA8A1FD592730047ECA7 /* AppDelegate.swift */; };
		9297EA8D1FD592730047ECA7 /* ViewController.swift in Sources */ = {isa = PBXBuildFile; fileRef = 9297EA8C1FD592730047ECA7 /* ViewController.swift */; };
		9297EA901FD592730047ECA7 /* Main.storyboard in Resources */ = {isa = PBXBuildFile; fileRef = 9297EA8E1FD592730047ECA7 /* Main.storyboard */; };
		9297EA921FD592730047ECA7 /* Assets.xcassets in Resources */ = {isa = PBXBuildFile; fileRef = 9297EA911FD592730047ECA7 /* Assets.xcassets */; };
		9297EA951FD592730047ECA7 /* LaunchScreen.storyboard in Resources */ = {isa = PBXBuildFile; fileRef = 9297EA931FD592730047ECA7 /* LaunchScreen.storyboard */; };
		9297EA9E1FD5A10C0047ECA7 /* HistoricalEvent.proto in Resources */ = {isa = PBXBuildFile; fileRef = 9297EA9D1FD5A10C0047ECA7 /* HistoricalEvent.proto */; };
		9297EAA21FD5A1E80047ECA7 /* HistoricalEvent.pb.swift in Sources */ = {isa = PBXBuildFile; fileRef = 9297EAA11FD5A1E80047ECA7 /* HistoricalEvent.pb.swift */; };
/* End PBXBuildFile section */

/* Begin PBXFileReference section */
		6B652DD5797D8291DF8821C6 /* Pods-ProtoBuf-Client.release.xcconfig */ = {isa = PBXFileReference; includeInIndex = 1; lastKnownFileType = text.xcconfig; name = "Pods-ProtoBuf-Client.release.xcconfig"; path = "Pods/Target Support Files/Pods-ProtoBuf-Client/Pods-ProtoBuf-Client.release.xcconfig"; sourceTree = "<group>"; };
		9297EA871FD592730047ECA7 /* ProtoBuf-Client.app */ = {isa = PBXFileReference; explicitFileType = wrapper.application; includeInIndex = 0; path = "ProtoBuf-Client.app"; sourceTree = BUILT_PRODUCTS_DIR; };
		9297EA8A1FD592730047ECA7 /* AppDelegate.swift */ = {isa = PBXFileReference; lastKnownFileType = sourcecode.swift; path = AppDelegate.swift; sourceTree = "<group>"; };
		9297EA8C1FD592730047ECA7 /* ViewController.swift */ = {isa = PBXFileReference; lastKnownFileType = sourcecode.swift; path = ViewController.swift; sourceTree = "<group>"; };
		9297EA8F1FD592730047ECA7 /* Base */ = {isa = PBXFileReference; lastKnownFileType = file.storyboard; name = Base; path = Base.lproj/Main.storyboard; sourceTree = "<group>"; };
		9297EA911FD592730047ECA7 /* Assets.xcassets */ = {isa = PBXFileReference; lastKnownFileType = folder.assetcatalog; path = Assets.xcassets; sourceTree = "<group>"; };
		9297EA941FD592730047ECA7 /* Base */ = {isa = PBXFileReference; lastKnownFileType = file.storyboard; name = Base; path = Base.lproj/LaunchScreen.storyboard; sourceTree = "<group>"; };
		9297EA961FD592730047ECA7 /* Info.plist */ = {isa = PBXFileReference; lastKnownFileType = text.plist.xml; path = Info.plist; sourceTree = "<group>"; };
		9297EA9D1FD5A10C0047ECA7 /* HistoricalEvent.proto */ = {isa = PBXFileReference; fileEncoding = 4; lastKnownFileType = text; path = HistoricalEvent.proto; sourceTree = "<group>"; };
		9297EAA11FD5A1E80047ECA7 /* HistoricalEvent.pb.swift */ = {isa = PBXFileReference; fileEncoding = 4; lastKnownFileType = sourcecode.swift; name = HistoricalEvent.pb.swift; path = "ProtoBuf-Client/Resources/HistoricalEvent.pb.swift"; sourceTree = "<group>"; };
		C6DBF0059C0A92C021F97D4B /* Pods-ProtoBuf-Client.debug.xcconfig */ = {isa = PBXFileReference; includeInIndex = 1; lastKnownFileType = text.xcconfig; name = "Pods-ProtoBuf-Client.debug.xcconfig"; path = "Pods/Target Support Files/Pods-ProtoBuf-Client/Pods-ProtoBuf-Client.debug.xcconfig"; sourceTree = "<group>"; };
		F5E32A2135A72E7F32779E47 /* Pods_ProtoBuf_Client.framework */ = {isa = PBXFileReference; explicitFileType = wrapper.framework; includeInIndex = 0; path = Pods_ProtoBuf_Client.framework; sourceTree = BUILT_PRODUCTS_DIR; };
/* End PBXFileReference section */

/* Begin PBXFrameworksBuildPhase section */
		9297EA841FD592730047ECA7 /* Frameworks */ = {
			isa = PBXFrameworksBuildPhase;
			buildActionMask = 2147483647;
			files = (
				8289D429F8D9920E2EFD5F22 /* Pods_ProtoBuf_Client.framework in Frameworks */,
			);
			runOnlyForDeploymentPostprocessing = 0;
		};
/* End PBXFrameworksBuildPhase section */

/* Begin PBXGroup section */
		4E2DD6F3BBBE385A9A687845 /* Pods */ = {
			isa = PBXGroup;
			children = (
				C6DBF0059C0A92C021F97D4B /* Pods-ProtoBuf-Client.debug.xcconfig */,
				6B652DD5797D8291DF8821C6 /* Pods-ProtoBuf-Client.release.xcconfig */,
			);
			name = Pods;
			sourceTree = "<group>";
		};
		753C840D1219167F7B15C0C5 /* Frameworks */ = {
			isa = PBXGroup;
			children = (
				F5E32A2135A72E7F32779E47 /* Pods_ProtoBuf_Client.framework */,
			);
			name = Frameworks;
			sourceTree = "<group>";
		};
		9297EA7E1FD592730047ECA7 = {
			isa = PBXGroup;
			children = (
				9297EA891FD592730047ECA7 /* ProtoBuf-Client */,
				9297EA881FD592730047ECA7 /* Products */,
				4E2DD6F3BBBE385A9A687845 /* Pods */,
				753C840D1219167F7B15C0C5 /* Frameworks */,
			);
			sourceTree = "<group>";
		};
		9297EA881FD592730047ECA7 /* Products */ = {
			isa = PBXGroup;
			children = (
				9297EA871FD592730047ECA7 /* ProtoBuf-Client.app */,
			);
			name = Products;
			sourceTree = "<group>";
		};
		9297EA891FD592730047ECA7 /* ProtoBuf-Client */ = {
			isa = PBXGroup;
			children = (
				9297EAA01FD5A15E0047ECA7 /* Models */,
				9297EA9C1FD5A10C0047ECA7 /* Resources */,
				9297EA8A1FD592730047ECA7 /* AppDelegate.swift */,
				9297EA8C1FD592730047ECA7 /* ViewController.swift */,
				9297EA8E1FD592730047ECA7 /* Main.storyboard */,
				9297EA911FD592730047ECA7 /* Assets.xcassets */,
				9297EA931FD592730047ECA7 /* LaunchScreen.storyboard */,
				9297EA961FD592730047ECA7 /* Info.plist */,
			);
			path = "ProtoBuf-Client";
			sourceTree = "<group>";
		};
		9297EA9C1FD5A10C0047ECA7 /* Resources */ = {
			isa = PBXGroup;
			children = (
				9297EA9D1FD5A10C0047ECA7 /* HistoricalEvent.proto */,
			);
			path = Resources;
			sourceTree = "<group>";
		};
		9297EAA01FD5A15E0047ECA7 /* Models */ = {
			isa = PBXGroup;
			children = (
				9297EAA11FD5A1E80047ECA7 /* HistoricalEvent.pb.swift */,
			);
			path = Models;
			sourceTree = "<group>";
		};
/* End PBXGroup section */

/* Begin PBXNativeTarget section */
		9297EA861FD592730047ECA7 /* ProtoBuf-Client */ = {
			isa = PBXNativeTarget;
			buildConfigurationList = 9297EA991FD592730047ECA7 /* Build configuration list for PBXNativeTarget "ProtoBuf-Client" */;
			buildPhases = (
				9297EA9F1FD5A12D0047ECA7 /* ShellScript */,
				2AFE9C329F9FB4D51F96CB5E /* [CP] Check Pods Manifest.lock */,
				9297EA831FD592730047ECA7 /* Sources */,
				9297EA841FD592730047ECA7 /* Frameworks */,
				9297EA851FD592730047ECA7 /* Resources */,
				24C24F11A378B42A2590073F /* [CP] Embed Pods Frameworks */,
				B91C71BED7D34746C7A748B9 /* [CP] Copy Pods Resources */,
			);
			buildRules = (
			);
			dependencies = (
			);
			name = "ProtoBuf-Client";
			productName = "ProtoBuf-Client";
			productReference = 9297EA871FD592730047ECA7 /* ProtoBuf-Client.app */;
			productType = "com.apple.product-type.application";
		};
/* End PBXNativeTarget section */

/* Begin PBXProject section */
		9297EA7F1FD592730047ECA7 /* Project object */ = {
			isa = PBXProject;
			attributes = {
				LastSwiftUpdateCheck = 0830;
				LastUpgradeCheck = 0830;
				ORGANIZATIONNAME = Yalantis;
				TargetAttributes = {
					9297EA861FD592730047ECA7 = {
						CreatedOnToolsVersion = 8.3.3;
						DevelopmentTeam = 4GS5NBU7N5;
						ProvisioningStyle = Automatic;
					};
				};
			};
			buildConfigurationList = 9297EA821FD592730047ECA7 /* Build configuration list for PBXProject "ProtoBuf-Client" */;
			compatibilityVersion = "Xcode 3.2";
			developmentRegion = English;
			hasScannedForEncodings = 0;
			knownRegions = (
				en,
				Base,
			);
			mainGroup = 9297EA7E1FD592730047ECA7;
			productRefGroup = 9297EA881FD592730047ECA7 /* Products */;
			projectDirPath = "";
			projectRoot = "";
			targets = (
				9297EA861FD592730047ECA7 /* ProtoBuf-Client */,
			);
		};
/* End PBXProject section */

/* Begin PBXResourcesBuildPhase section */
		9297EA851FD592730047ECA7 /* Resources */ = {
			isa = PBXResourcesBuildPhase;
			buildActionMask = 2147483647;
			files = (
				9297EA951FD592730047ECA7 /* LaunchScreen.storyboard in Resources */,
				9297EA921FD592730047ECA7 /* Assets.xcassets in Resources */,
				9297EA901FD592730047ECA7 /* Main.storyboard in Resources */,
				9297EA9E1FD5A10C0047ECA7 /* HistoricalEvent.proto in Resources */,
			);
			runOnlyForDeploymentPostprocessing = 0;
		};
/* End PBXResourcesBuildPhase section */

/* Begin PBXShellScriptBuildPhase section */
		24C24F11A378B42A2590073F /* [CP] Embed Pods Frameworks */ = {
			isa = PBXShellScriptBuildPhase;
			buildActionMask = 2147483647;
			files = (
			);
			inputPaths = (
				"${SRCROOT}/Pods/Target Support Files/Pods-ProtoBuf-Client/Pods-ProtoBuf-Client-frameworks.sh",
				"${BUILT_PRODUCTS_DIR}/Alamofire/Alamofire.framework",
				"${BUILT_PRODUCTS_DIR}/SwiftProtobuf/SwiftProtobuf.framework",
			);
			name = "[CP] Embed Pods Frameworks";
			outputPaths = (
				"${TARGET_BUILD_DIR}/${FRAMEWORKS_FOLDER_PATH}/Alamofire.framework",
				"${TARGET_BUILD_DIR}/${FRAMEWORKS_FOLDER_PATH}/SwiftProtobuf.framework",
			);
			runOnlyForDeploymentPostprocessing = 0;
			shellPath = /bin/sh;
			shellScript = "\"${SRCROOT}/Pods/Target Support Files/Pods-ProtoBuf-Client/Pods-ProtoBuf-Client-frameworks.sh\"\n";
			showEnvVarsInLog = 0;
		};
		2AFE9C329F9FB4D51F96CB5E /* [CP] Check Pods Manifest.lock */ = {
			isa = PBXShellScriptBuildPhase;
			buildActionMask = 2147483647;
			files = (
			);
			inputPaths = (
				"${PODS_PODFILE_DIR_PATH}/Podfile.lock",
				"${PODS_ROOT}/Manifest.lock",
			);
			name = "[CP] Check Pods Manifest.lock";
			outputPaths = (
				"$(DERIVED_FILE_DIR)/Pods-ProtoBuf-Client-checkManifestLockResult.txt",
			);
			runOnlyForDeploymentPostprocessing = 0;
			shellPath = /bin/sh;
			shellScript = "diff \"${PODS_PODFILE_DIR_PATH}/Podfile.lock\" \"${PODS_ROOT}/Manifest.lock\" > /dev/null\nif [ $? != 0 ] ; then\n    # print error to STDERR\n    echo \"error: The sandbox is not in sync with the Podfile.lock. Run 'pod install' or update your CocoaPods installation.\" >&2\n    exit 1\nfi\n# This output is used by Xcode 'outputs' to avoid re-running this script phase.\necho \"SUCCESS\" > \"${SCRIPT_OUTPUT_FILE_0}\"\n";
			showEnvVarsInLog = 0;
		};
		9297EA9F1FD5A12D0047ECA7 /* ShellScript */ = {
			isa = PBXShellScriptBuildPhase;
			buildActionMask = 2147483647;
			files = (
			);
			inputPaths = (
			);
			outputPaths = (
			);
			runOnlyForDeploymentPostprocessing = 0;
			shellPath = /bin/sh;
			shellScript = "protoc --swift_out=./ProtoBuf-Client/Models/ ./ProtoBuf-Client/Resources/*.proto\n";
		};
		B91C71BED7D34746C7A748B9 /* [CP] Copy Pods Resources */ = {
			isa = PBXShellScriptBuildPhase;
			buildActionMask = 2147483647;
			files = (
			);
			inputPaths = (
			);
			name = "[CP] Copy Pods Resources";
			outputPaths = (
			);
			runOnlyForDeploymentPostprocessing = 0;
			shellPath = /bin/sh;
			shellScript = "\"${SRCROOT}/Pods/Target Support Files/Pods-ProtoBuf-Client/Pods-ProtoBuf-Client-resources.sh\"\n";
			showEnvVarsInLog = 0;
		};
/* End PBXShellScriptBuildPhase section */

/* Begin PBXSourcesBuildPhase section */
		9297EA831FD592730047ECA7 /* Sources */ = {
			isa = PBXSourcesBuildPhase;
			buildActionMask = 2147483647;
			files = (
				9297EAA21FD5A1E80047ECA7 /* HistoricalEvent.pb.swift in Sources */,
				9297EA8D1FD592730047ECA7 /* ViewController.swift in Sources */,
				9297EA8B1FD592730047ECA7 /* AppDelegate.swift in Sources */,
			);
			runOnlyForDeploymentPostprocessing = 0;
		};
/* End PBXSourcesBuildPhase section */

/* Begin PBXVariantGroup section */
		9297EA8E1FD592730047ECA7 /* Main.storyboard */ = {
			isa = PBXVariantGroup;
			children = (
				9297EA8F1FD592730047ECA7 /* Base */,
			);
			name = Main.storyboard;
			sourceTree = "<group>";
		};
		9297EA931FD592730047ECA7 /* LaunchScreen.storyboard */ = {
			isa = PBXVariantGroup;
			children = (
				9297EA941FD592730047ECA7 /* Base */,
			);
			name = LaunchScreen.storyboard;
			sourceTree = "<group>";
		};
/* End PBXVariantGroup section */

/* Begin XCBuildConfiguration section */
		9297EA971FD592730047ECA7 /* Debug */ = {
			isa = XCBuildConfiguration;
			buildSettings = {
				ALWAYS_SEARCH_USER_PATHS = NO;
				CLANG_ANALYZER_NONNULL = YES;
				CLANG_ANALYZER_NUMBER_OBJECT_CONVERSION = YES_AGGRESSIVE;
				CLANG_CXX_LANGUAGE_STANDARD = "gnu++0x";
				CLANG_CXX_LIBRARY = "libc++";
				CLANG_ENABLE_MODULES = YES;
				CLANG_ENABLE_OBJC_ARC = YES;
				CLANG_WARN_BOOL_CONVERSION = YES;
				CLANG_WARN_CONSTANT_CONVERSION = YES;
				CLANG_WARN_DIRECT_OBJC_ISA_USAGE = YES_ERROR;
				CLANG_WARN_DOCUMENTATION_COMMENTS = YES;
				CLANG_WARN_EMPTY_BODY = YES;
				CLANG_WARN_ENUM_CONVERSION = YES;
				CLANG_WARN_INFINITE_RECURSION = YES;
				CLANG_WARN_INT_CONVERSION = YES;
				CLANG_WARN_OBJC_ROOT_CLASS = YES_ERROR;
				CLANG_WARN_SUSPICIOUS_MOVE = YES;
				CLANG_WARN_UNREACHABLE_CODE = YES;
				CLANG_WARN__DUPLICATE_METHOD_MATCH = YES;
				"CODE_SIGN_IDENTITY[sdk=iphoneos*]" = "iPhone Developer";
				COPY_PHASE_STRIP = NO;
				DEBUG_INFORMATION_FORMAT = dwarf;
				ENABLE_STRICT_OBJC_MSGSEND = YES;
				ENABLE_TESTABILITY = YES;
				GCC_C_LANGUAGE_STANDARD = gnu99;
				GCC_DYNAMIC_NO_PIC = NO;
				GCC_NO_COMMON_BLOCKS = YES;
				GCC_OPTIMIZATION_LEVEL = 0;
				GCC_PREPROCESSOR_DEFINITIONS = (
					"DEBUG=1",
					"$(inherited)",
				);
				GCC_WARN_64_TO_32_BIT_CONVERSION = YES;
				GCC_WARN_ABOUT_RETURN_TYPE = YES_ERROR;
				GCC_WARN_UNDECLARED_SELECTOR = YES;
				GCC_WARN_UNINITIALIZED_AUTOS = YES_AGGRESSIVE;
				GCC_WARN_UNUSED_FUNCTION = YES;
				GCC_WARN_UNUSED_VARIABLE = YES;
				IPHONEOS_DEPLOYMENT_TARGET = 10.3;
				MTL_ENABLE_DEBUG_INFO = YES;
				ONLY_ACTIVE_ARCH = YES;
				SDKROOT = iphoneos;
				SWIFT_ACTIVE_COMPILATION_CONDITIONS = DEBUG;
				SWIFT_OPTIMIZATION_LEVEL = "-Onone";
				TARGETED_DEVICE_FAMILY = "1,2";
			};
			name = Debug;
		};
		9297EA981FD592730047ECA7 /* Release */ = {
			isa = XCBuildConfiguration;
			buildSettings = {
				ALWAYS_SEARCH_USER_PATHS = NO;
				CLANG_ANALYZER_NONNULL = YES;
				CLANG_ANALYZER_NUMBER_OBJECT_CONVERSION = YES_AGGRESSIVE;
				CLANG_CXX_LANGUAGE_STANDARD = "gnu++0x";
				CLANG_CXX_LIBRARY = "libc++";
				CLANG_ENABLE_MODULES = YES;
				CLANG_ENABLE_OBJC_ARC = YES;
				CLANG_WARN_BOOL_CONVERSION = YES;
				CLANG_WARN_CONSTANT_CONVERSION = YES;
				CLANG_WARN_DIRECT_OBJC_ISA_USAGE = YES_ERROR;
				CLANG_WARN_DOCUMENTATION_COMMENTS = YES;
				CLANG_WARN_EMPTY_BODY = YES;
				CLANG_WARN_ENUM_CONVERSION = YES;
				CLANG_WARN_INFINITE_RECURSION = YES;
				CLANG_WARN_INT_CONVERSION = YES;
				CLANG_WARN_OBJC_ROOT_CLASS = YES_ERROR;
				CLANG_WARN_SUSPICIOUS_MOVE = YES;
				CLANG_WARN_UNREACHABLE_CODE = YES;
				CLANG_WARN__DUPLICATE_METHOD_MATCH = YES;
				"CODE_SIGN_IDENTITY[sdk=iphoneos*]" = "iPhone Developer";
				COPY_PHASE_STRIP = NO;
				DEBUG_INFORMATION_FORMAT = "dwarf-with-dsym";
				ENABLE_NS_ASSERTIONS = NO;
				ENABLE_STRICT_OBJC_MSGSEND = YES;
				GCC_C_LANGUAGE_STANDARD = gnu99;
				GCC_NO_COMMON_BLOCKS = YES;
				GCC_WARN_64_TO_32_BIT_CONVERSION = YES;
				GCC_WARN_ABOUT_RETURN_TYPE = YES_ERROR;
				GCC_WARN_UNDECLARED_SELECTOR = YES;
				GCC_WARN_UNINITIALIZED_AUTOS = YES_AGGRESSIVE;
				GCC_WARN_UNUSED_FUNCTION = YES;
				GCC_WARN_UNUSED_VARIABLE = YES;
				IPHONEOS_DEPLOYMENT_TARGET = 10.3;
				MTL_ENABLE_DEBUG_INFO = NO;
				SDKROOT = iphoneos;
				SWIFT_OPTIMIZATION_LEVEL = "-Owholemodule";
				TARGETED_DEVICE_FAMILY = "1,2";
				VALIDATE_PRODUCT = YES;
			};
			name = Release;
		};
		9297EA9A1FD592730047ECA7 /* Debug */ = {
			isa = XCBuildConfiguration;
			baseConfigurationReference = C6DBF0059C0A92C021F97D4B /* Pods-ProtoBuf-Client.debug.xcconfig */;
			buildSettings = {
				ASSETCATALOG_COMPILER_APPICON_NAME = AppIcon;
				DEVELOPMENT_TEAM = 4GS5NBU7N5;
				INFOPLIST_FILE = "ProtoBuf-Client/Info.plist";
				LD_RUNPATH_SEARCH_PATHS = "$(inherited) @executable_path/Frameworks";
				PRODUCT_BUNDLE_IDENTIFIER = "yalantis.com.ProtoBuf-Client";
				PRODUCT_NAME = "$(TARGET_NAME)";
				SWIFT_VERSION = 3.0;
			};
			name = Debug;
		};
		9297EA9B1FD592730047ECA7 /* Release */ = {
			isa = XCBuildConfiguration;
			baseConfigurationReference = 6B652DD5797D8291DF8821C6 /* Pods-ProtoBuf-Client.release.xcconfig */;
			buildSettings = {
				ASSETCATALOG_COMPILER_APPICON_NAME = AppIcon;
				DEVELOPMENT_TEAM = 4GS5NBU7N5;
				INFOPLIST_FILE = "ProtoBuf-Client/Info.plist";
				LD_RUNPATH_SEARCH_PATHS = "$(inherited) @executable_path/Frameworks";
				PRODUCT_BUNDLE_IDENTIFIER = "yalantis.com.ProtoBuf-Client";
				PRODUCT_NAME = "$(TARGET_NAME)";
				SWIFT_VERSION = 3.0;
			};
			name = Release;
		};
/* End XCBuildConfiguration section */

/* Begin XCConfigurationList section */
		9297EA821FD592730047ECA7 /* Build configuration list for PBXProject "ProtoBuf-Client" */ = {
			isa = XCConfigurationList;
			buildConfigurations = (
				9297EA971FD592730047ECA7 /* Debug */,
				9297EA981FD592730047ECA7 /* Release */,
			);
			defaultConfigurationIsVisible = 0;
			defaultConfigurationName = Release;
		};
		9297EA991FD592730047ECA7 /* Build configuration list for PBXNativeTarget "ProtoBuf-Client" */ = {
			isa = XCConfigurationList;
			buildConfigurations = (
				9297EA9A1FD592730047ECA7 /* Debug */,
				9297EA9B1FD592730047ECA7 /* Release */,
			);
			defaultConfigurationIsVisible = 0;
			defaultConfigurationName = Release;
		};
/* End XCConfigurationList section */
	};
	rootObject = 9297EA7F1FD592730047ECA7 /* Project object */;
}
